
Microsoft Visual Studio Solution File, Format Version 12.00
# Visual Studio 15
VisualStudioVersion = 15.0.26124.0
MinimumVisualStudioVersion = 15.0.26124.0
Project("{FAE04EC0-301F-11D3-BF4B-00C04F79EFBC}") = "WebAPI", "WebAPI\WebAPI.csproj", "{EB10D90F-B611-4E21-8047-EA90B5ED6254}"
EndProject
Project("{FAE04EC0-301F-11D3-BF4B-00C04F79EFBC}") = "Infra", "Infra\Infra.csproj", "{9658FC07-128D-4E72-862C-951D4E262BF5}"
EndProject
Project("{FAE04EC0-301F-11D3-BF4B-00C04F79EFBC}") = "Business", "Business\Business.csproj", "{BB22935F-2F48-43CD-AB57-2FB80F564313}"
EndProject
Global
	GlobalSection(SolutionConfigurationPlatforms) = preSolution
		Debug|Any CPU = Debug|Any CPU
		Debug|x64 = Debug|x64
		Debug|x86 = Debug|x86
		Release|Any CPU = Release|Any CPU
		Release|x64 = Release|x64
		Release|x86 = Release|x86
	EndGlobalSection
	GlobalSection(SolutionProperties) = preSolution
		HideSolutionNode = FALSE
	EndGlobalSection
	GlobalSection(ProjectConfigurationPlatforms) = postSolution
		{EB10D90F-B611-4E21-8047-EA90B5ED6254}.Debug|Any CPU.ActiveCfg = Debug|Any CPU
		{EB10D90F-B611-4E21-8047-EA90B5ED6254}.Debug|Any CPU.Build.0 = Debug|Any CPU
		{EB10D90F-B611-4E21-8047-EA90B5ED6254}.Debug|x64.ActiveCfg = Debug|Any CPU
		{EB10D90F-B611-4E21-8047-EA90B5ED6254}.Debug|x64.Build.0 = Debug|Any CPU
		{EB10D90F-B611-4E21-8047-EA90B5ED6254}.Debug|x86.ActiveCfg = Debug|Any CPU
		{EB10D90F-B611-4E21-8047-EA90B5ED6254}.Debug|x86.Build.0 = Debug|Any CPU
		{EB10D90F-B611-4E21-8047-EA90B5ED6254}.Release|Any CPU.ActiveCfg = Release|Any CPU
		{EB10D90F-B611-4E21-8047-EA90B5ED6254}.Release|Any CPU.Build.0 = Release|Any CPU
		{EB10D90F-B611-4E21-8047-EA90B5ED6254}.Release|x64.ActiveCfg = Release|Any CPU
		{EB10D90F-B611-4E21-8047-EA90B5ED6254}.Release|x64.Build.0 = Release|Any CPU
		{EB10D90F-B611-4E21-8047-EA90B5ED6254}.Release|x86.ActiveCfg = Release|Any CPU
		{EB10D90F-B611-4E21-8047-EA90B5ED6254}.Release|x86.Build.0 = Release|Any CPU
		{9658FC07-128D-4E72-862C-951D4E262BF5}.Debug|Any CPU.ActiveCfg = Debug|Any CPU
		{9658FC07-128D-4E72-862C-951D4E262BF5}.Debug|Any CPU.Build.0 = Debug|Any CPU
		{9658FC07-128D-4E72-862C-951D4E262BF5}.Debug|x64.ActiveCfg = Debug|Any CPU
		{9658FC07-128D-4E72-862C-951D4E262BF5}.Debug|x64.Build.0 = Debug|Any CPU
		{9658FC07-128D-4E72-862C-951D4E262BF5}.Debug|x86.ActiveCfg = Debug|Any CPU
		{9658FC07-128D-4E72-862C-951D4E262BF5}.Debug|x86.Build.0 = Debug|Any CPU
		{9658FC07-128D-4E72-862C-951D4E262BF5}.Release|Any CPU.ActiveCfg = Release|Any CPU
		{9658FC07-128D-4E72-862C-951D4E262BF5}.Release|Any CPU.Build.0 = Release|Any CPU
		{9658FC07-128D-4E72-862C-951D4E262BF5}.Release|x64.ActiveCfg = Release|Any CPU
		{9658FC07-128D-4E72-862C-951D4E262BF5}.Release|x64.Build.0 = Release|Any CPU
		{9658FC07-128D-4E72-862C-951D4E262BF5}.Release|x86.ActiveCfg = Release|Any CPU
		{9658FC07-128D-4E72-862C-951D4E262BF5}.Release|x86.Build.0 = Release|Any CPU
		{BB22935F-2F48-43CD-AB57-2FB80F564313}.Debug|Any CPU.ActiveCfg = Debug|Any CPU
		{BB22935F-2F48-43CD-AB57-2FB80F564313}.Debug|Any CPU.Build.0 = Debug|Any CPU
		{BB22935F-2F48-43CD-AB57-2FB80F564313}.Debug|x64.ActiveCfg = Debug|Any CPU
		{BB22935F-2F48-43CD-AB57-2FB80F564313}.Debug|x64.Build.0 = Debug|Any CPU
		{BB22935F-2F48-43CD-AB57-2FB80F564313}.Debug|x86.ActiveCfg = Debug|Any CPU
		{BB22935F-2F48-43CD-AB57-2FB80F564313}.Debug|x86.Build.0 = Debug|Any CPU
		{BB22935F-2F48-43CD-AB57-2FB80F564313}.Release|Any CPU.ActiveCfg = Release|Any CPU
		{BB22935F-2F48-43CD-AB57-2FB80F564313}.Release|Any CPU.Build.0 = Release|Any CPU
		{BB22935F-2F48-43CD-AB57-2FB80F564313}.Release|x64.ActiveCfg = Release|Any CPU
		{BB22935F-2F48-43CD-AB57-2FB80F564313}.Release|x64.Build.0 = Release|Any CPU
		{BB22935F-2F48-43CD-AB57-2FB80F564313}.Release|x86.ActiveCfg = Release|Any CPU
		{BB22935F-2F48-43CD-AB57-2FB80F564313}.Release|x86.Build.0 = Release|Any CPU
	EndGlobalSection
EndGlobal
